
Microsoft Visual Studio Solution File, Format Version 12.00
# Visual Studio Version 17
VisualStudioVersion = 17.4.33110.190
MinimumVisualStudioVersion = 10.0.40219.1
Project("{9A19103F-16F7-4668-BE54-9A1E7A4F7556}") = "CommunityToolkitDemo.WPF", "src\CommunityToolkitDemo.WPF\CommunityToolkitDemo.WPF.csproj", "{FC71CB46-4A73-4562-893B-D93CC00EB3B4}"
EndProject
Global
	GlobalSection(SolutionConfigurationPlatforms) = preSolution
		Debug|Any CPU = Debug|Any CPU
		Release|Any CPU = Release|Any CPU
	EndGlobalSection
	GlobalSection(ProjectConfigurationPlatforms) = postSolution
		{FC71CB46-4A73-4562-893B-D93CC00EB3B4}.Debug|Any CPU.ActiveCfg = Debug|Any CPU
		{FC71CB46-4A73-4562-893B-D93CC00EB3B4}.Debug|Any CPU.Build.0 = Debug|Any CPU
		{FC71CB46-4A73-4562-893B-D93CC00EB3B4}.Release|Any CPU.ActiveCfg = Release|Any CPU
		{FC71CB46-4A73-4562-893B-D93CC00EB3B4}.Release|Any CPU.Build.0 = Release|Any CPU
	EndGlobalSection
	GlobalSection(SolutionProperties) = preSolution
		HideSolutionNode = FALSE
	EndGlobalSection
	GlobalSection(ExtensibilityGlobals) = postSolution
		SolutionGuid = {5BF4971E-2114-4CEF-9DF1-053D8C656C7D}
	EndGlobalSection
EndGlobal
